
Microsoft Visual Studio Solution File, Format Version 12.00
# Visual Studio 15
VisualStudioVersion = 15.0.28307.1525
MinimumVisualStudioVersion = 10.0.40219.1
Project("{FAE04EC0-301F-11D3-BF4B-00C04F79EFBC}") = "HeadFirst", "HeadFirst.csproj", "{73F2EFD7-3DE2-4033-90E3-492768D19F57}"
EndProject
Project("{FAE04EC0-301F-11D3-BF4B-00C04F79EFBC}") = "BeeCompany", "..\BeeCompany\BeeCompany.csproj", "{866703FF-B511-49D5-B986-0A28D214AD2E}"
EndProject
Project("{FAE04EC0-301F-11D3-BF4B-00C04F79EFBC}") = "InterfaceTest_IClown", "..\InterfaceTest_IClown\InterfaceTest_IClown.csproj", "{2C4650AE-A4E8-4366-B470-9D4C857979CA}"
EndProject
Project("{FAE04EC0-301F-11D3-BF4B-00C04F79EFBC}") = "House", "..\House\House.csproj", "{0EFE5830-8DAC-483D-B04E-62507F3C3B2A}"
EndProject
Global
	GlobalSection(SolutionConfigurationPlatforms) = preSolution
		Debug|Any CPU = Debug|Any CPU
		Release|Any CPU = Release|Any CPU
	EndGlobalSection
	GlobalSection(ProjectConfigurationPlatforms) = postSolution
		{73F2EFD7-3DE2-4033-90E3-492768D19F57}.Debug|Any CPU.ActiveCfg = Debug|Any CPU
		{73F2EFD7-3DE2-4033-90E3-492768D19F57}.Debug|Any CPU.Build.0 = Debug|Any CPU
		{73F2EFD7-3DE2-4033-90E3-492768D19F57}.Release|Any CPU.ActiveCfg = Release|Any CPU
		{73F2EFD7-3DE2-4033-90E3-492768D19F57}.Release|Any CPU.Build.0 = Release|Any CPU
		{866703FF-B511-49D5-B986-0A28D214AD2E}.Debug|Any CPU.ActiveCfg = Debug|Any CPU
		{866703FF-B511-49D5-B986-0A28D214AD2E}.Debug|Any CPU.Build.0 = Debug|Any CPU
		{866703FF-B511-49D5-B986-0A28D214AD2E}.Release|Any CPU.ActiveCfg = Release|Any CPU
		{866703FF-B511-49D5-B986-0A28D214AD2E}.Release|Any CPU.Build.0 = Release|Any CPU
		{2C4650AE-A4E8-4366-B470-9D4C857979CA}.Debug|Any CPU.ActiveCfg = Debug|Any CPU
		{2C4650AE-A4E8-4366-B470-9D4C857979CA}.Debug|Any CPU.Build.0 = Debug|Any CPU
		{2C4650AE-A4E8-4366-B470-9D4C857979CA}.Release|Any CPU.ActiveCfg = Release|Any CPU
		{2C4650AE-A4E8-4366-B470-9D4C857979CA}.Release|Any CPU.Build.0 = Release|Any CPU
		{0EFE5830-8DAC-483D-B04E-62507F3C3B2A}.Debug|Any CPU.ActiveCfg = Debug|Any CPU
		{0EFE5830-8DAC-483D-B04E-62507F3C3B2A}.Debug|Any CPU.Build.0 = Debug|Any CPU
		{0EFE5830-8DAC-483D-B04E-62507F3C3B2A}.Release|Any CPU.ActiveCfg = Release|Any CPU
		{0EFE5830-8DAC-483D-B04E-62507F3C3B2A}.Release|Any CPU.Build.0 = Release|Any CPU
	EndGlobalSection
	GlobalSection(SolutionProperties) = preSolution
		HideSolutionNode = FALSE
	EndGlobalSection
	GlobalSection(ExtensibilityGlobals) = postSolution
		SolutionGuid = {4CFCEEBE-BA5F-4A1C-B0A9-529502C4E269}
	EndGlobalSection
EndGlobal
